
Microsoft Visual Studio Solution File, Format Version 12.00
# Visual Studio Version 17
VisualStudioVersion = 17.14.36511.14 d17.14
MinimumVisualStudioVersion = 10.0.40219.1
Project("{FAE04EC0-301F-11D3-BF4B-00C04F79EFBC}") = "DAL", "DataAccessLayer\DAL.csproj", "{A1153FF4-0F5E-4AED-916D-5B6228F1DAD1}"
EndProject
Project("{FAE04EC0-301F-11D3-BF4B-00C04F79EFBC}") = "BLL", "BLL\BLL.csproj", "{0042C424-38CA-469C-8510-4D34DF782D4E}"
EndProject
Project("{FAE04EC0-301F-11D3-BF4B-00C04F79EFBC}") = "ClientPortal", "ClientPortal\ClientPortal.csproj", "{24DC31FD-5D0F-4B8A-B6F8-A4A7ADF33838}"
EndProject
Global
	GlobalSection(SolutionConfigurationPlatforms) = preSolution
		Debug|Any CPU = Debug|Any CPU
		Release|Any CPU = Release|Any CPU
	EndGlobalSection
	GlobalSection(ProjectConfigurationPlatforms) = postSolution
		{A1153FF4-0F5E-4AED-916D-5B6228F1DAD1}.Debug|Any CPU.ActiveCfg = Debug|Any CPU
		{A1153FF4-0F5E-4AED-916D-5B6228F1DAD1}.Debug|Any CPU.Build.0 = Debug|Any CPU
		{A1153FF4-0F5E-4AED-916D-5B6228F1DAD1}.Release|Any CPU.ActiveCfg = Release|Any CPU
		{A1153FF4-0F5E-4AED-916D-5B6228F1DAD1}.Release|Any CPU.Build.0 = Release|Any CPU
		{0042C424-38CA-469C-8510-4D34DF782D4E}.Debug|Any CPU.ActiveCfg = Debug|Any CPU
		{0042C424-38CA-469C-8510-4D34DF782D4E}.Debug|Any CPU.Build.0 = Debug|Any CPU
		{0042C424-38CA-469C-8510-4D34DF782D4E}.Release|Any CPU.ActiveCfg = Release|Any CPU
		{0042C424-38CA-469C-8510-4D34DF782D4E}.Release|Any CPU.Build.0 = Release|Any CPU
		{24DC31FD-5D0F-4B8A-B6F8-A4A7ADF33838}.Debug|Any CPU.ActiveCfg = Debug|Any CPU
		{24DC31FD-5D0F-4B8A-B6F8-A4A7ADF33838}.Debug|Any CPU.Build.0 = Debug|Any CPU
		{24DC31FD-5D0F-4B8A-B6F8-A4A7ADF33838}.Release|Any CPU.ActiveCfg = Release|Any CPU
		{24DC31FD-5D0F-4B8A-B6F8-A4A7ADF33838}.Release|Any CPU.Build.0 = Release|Any CPU
	EndGlobalSection
	GlobalSection(SolutionProperties) = preSolution
		HideSolutionNode = FALSE
	EndGlobalSection
	GlobalSection(ExtensibilityGlobals) = postSolution
		SolutionGuid = {FB5E4D9C-2C33-499D-B48E-7948E48CC213}
	EndGlobalSection
EndGlobal
